{
    "name": "helloworld",
    "version": "1.0.0",
    "lockfileVersion": 1,
    "requires": true,
    "dependencies": {
        "cordova-plugin-device-motion": {
            "version": "2.0.1",
            "resolved": "https://registry.npmjs.org/cordova-plugin-device-motion/-/cordova-plugin-device-motion-2.0.1.tgz",
            "integrity": "sha1-f22XTE64/Frljpqt1j2fpQLt7G0="
        },
        "cordova-plugin-device-orientation": {
            "version": "2.0.1",
            "resolved": "https://registry.npmjs.org/cordova-plugin-device-orientation/-/cordova-plugin-device-orientation-2.0.1.tgz",
            "integrity": "sha1-FJ1RJQ3vwwnw0D0wb+KOiYgbqE0="
        }
    }
}
